
Microsoft Visual Studio Solution File, Format Version 12.00
# Visual Studio Version 17
VisualStudioVersion = 17.2.32519.379
MinimumVisualStudioVersion = 10.0.40219.1
Project("{9A19103F-16F7-4668-BE54-9A1E7A4F7556}") = "InventoryPage", "InventoryPage.csproj", "{1BE08DE2-4FD2-4F2E-968F-079D3DF62C94}"
EndProject
Global
	GlobalSection(SolutionConfigurationPlatforms) = preSolution
		Debug|Any CPU = Debug|Any CPU
		Release|Any CPU = Release|Any CPU
	EndGlobalSection
	GlobalSection(ProjectConfigurationPlatforms) = postSolution
		{1BE08DE2-4FD2-4F2E-968F-079D3DF62C94}.Debug|Any CPU.ActiveCfg = Debug|Any CPU
		{1BE08DE2-4FD2-4F2E-968F-079D3DF62C94}.Debug|Any CPU.Build.0 = Debug|Any CPU
		{1BE08DE2-4FD2-4F2E-968F-079D3DF62C94}.Release|Any CPU.ActiveCfg = Release|Any CPU
		{1BE08DE2-4FD2-4F2E-968F-079D3DF62C94}.Release|Any CPU.Build.0 = Release|Any CPU
	EndGlobalSection
	GlobalSection(SolutionProperties) = preSolution
		HideSolutionNode = FALSE
	EndGlobalSection
	GlobalSection(ExtensibilityGlobals) = postSolution
		SolutionGuid = {E5ADEE21-E3D5-4F26-80D8-242B4834BCC9}
	EndGlobalSection
EndGlobal
